{
  "name": "plqywright",
  "version": "1.0.0",
  "lockfileVersion": 2,
  "requires": true,
  "packages": {
    "": {
      "name": "plqywright",
      "version": "1.0.0",
      "license": "ISC",
      "dependencies": {
        "16": "0.0.2",
        "generate-password": "^1.7.0",
        "html5-qrcode": "^2.3.8",
        "jsqr": "^1.4.0",
        "node-2fa": "^2.0.3",
        "otplib": "^12.0.1",
        "pngjs": "^7.0.0",
        "qr-scanner": "^1.4.2"
      },
      "devDependencies": {
        "@playwright/test": "^1.36.2"
      }
    },
    "node_modules/@otplib/core": {
      "version": "12.0.1",
      "resolved": "https://registry.npmjs.org/@otplib/core/-/core-12.0.1.tgz",
      "integrity": "sha512-4sGntwbA/AC+SbPhbsziRiD+jNDdIzsZ3JUyfZwjtKyc/wufl1pnSIaG4Uqx8ymPagujub0o92kgBnB89cuAMA=="
    },
    "node_modules/@otplib/plugin-crypto": {
      "version": "12.0.1",
      "resolved": "https://registry.npmjs.org/@otplib/plugin-crypto/-/plugin-crypto-12.0.1.tgz",
      "integrity": "sha512-qPuhN3QrT7ZZLcLCyKOSNhuijUi9G5guMRVrxq63r9YNOxxQjPm59gVxLM+7xGnHnM6cimY57tuKsjK7y9LM1g==",
      "dependencies": {
        "@otplib/core": "^12.0.1"
      }
    },
    "node_modules/@otplib/plugin-thirty-two": {
      "version": "12.0.1",
      "resolved": "https://registry.npmjs.org/@otplib/plugin-thirty-two/-/plugin-thirty-two-12.0.1.tgz",
      "integrity": "sha512-MtT+uqRso909UkbrrYpJ6XFjj9D+x2Py7KjTO9JDPhL0bJUYVu5kFP4TFZW4NFAywrAtFRxOVY261u0qwb93gA==",
      "dependencies": {
        "@otplib/core": "^12.0.1",
        "thirty-two": "^1.0.2"
      }
    },
    "node_modules/@otplib/preset-default": {
      "version": "12.0.1",
      "resolved": "https://registry.npmjs.org/@otplib/preset-default/-/preset-default-12.0.1.tgz",
      "integrity": "sha512-xf1v9oOJRyXfluBhMdpOkr+bsE+Irt+0D5uHtvg6x1eosfmHCsCC6ej/m7FXiWqdo0+ZUI6xSKDhJwc8yfiOPQ==",
      "dependencies": {
        "@otplib/core": "^12.0.1",
        "@otplib/plugin-crypto": "^12.0.1",
        "@otplib/plugin-thirty-two": "^12.0.1"
      }
    },
    "node_modules/@otplib/preset-v11": {
      "version": "12.0.1",
      "resolved": "https://registry.npmjs.org/@otplib/preset-v11/-/preset-v11-12.0.1.tgz",
      "integrity": "sha512-9hSetMI7ECqbFiKICrNa4w70deTUfArtwXykPUvSHWOdzOlfa9ajglu7mNCntlvxycTiOAXkQGwjQCzzDEMRMg==",
      "dependencies": {
        "@otplib/core": "^12.0.1",
        "@otplib/plugin-crypto": "^12.0.1",
        "@otplib/plugin-thirty-two": "^12.0.1"
      }
    },
    "node_modules/@playwright/test": {
      "version": "1.36.2",
      "resolved": "https://registry.npmjs.org/@playwright/test/-/test-1.36.2.tgz",
      "integrity": "sha512-2rVZeyPRjxfPH6J0oGJqE8YxiM1IBRyM8hyrXYK7eSiAqmbNhxwcLa7dZ7fy9Kj26V7FYia5fh9XJRq4Dqme+g==",
      "dev": true,
      "dependencies": {
        "@types/node": "*",
        "playwright-core": "1.36.2"
      },
      "bin": {
        "playwright": "cli.js"
      },
      "engines": {
        "node": ">=16"
      },
      "optionalDependencies": {
        "fsevents": "2.3.2"
      }
    },
    "node_modules/@types/node": {
      "version": "20.4.8",
      "resolved": "https://registry.npmjs.org/@types/node/-/node-20.4.8.tgz",
      "integrity": "sha512-0mHckf6D2DiIAzh8fM8f3HQCvMKDpK94YQ0DSVkfWTG9BZleYIWudw9cJxX8oCk9bM+vAkDyujDV6dmKHbvQpg=="
    },
    "node_modules/@types/notp": {
      "version": "2.0.2",
      "resolved": "https://registry.npmjs.org/@types/notp/-/notp-2.0.2.tgz",
      "integrity": "sha512-JUcVYN9Tmw0AjoAfvjslS4hbv39fPBbZdftBK3b50g5z/DmhLsu6cd0UOEBiQuMwy2FirshF2Gk9gAvfWjshMw==",
      "dependencies": {
        "@types/node": "*"
      }
    },
    "node_modules/@types/offscreencanvas": {
      "version": "2019.7.0",
      "resolved": "https://registry.npmjs.org/@types/offscreencanvas/-/offscreencanvas-2019.7.0.tgz",
      "integrity": "sha512-PGcyveRIpL1XIqK8eBsmRBt76eFgtzuPiSTyKHZxnGemp2yzGzWpjYKAfK3wIMiU7eH+851yEpiuP8JZerTmWg=="
    },
    "node_modules/16": {
      "version": "0.0.2",
      "resolved": "https://registry.npmjs.org/16/-/16-0.0.2.tgz",
      "integrity": "sha512-AhG4lpdn+/it+U5Xl1bm5SbaHYTH5NfU/vXZkP7E7CHjtVtITuFVZKa3AZP3gN38RDJHYYtEqWmqzCutlXaR7w==",
      "dependencies": {
        "numeric": "^1.2.6"
      }
    },
    "node_modules/fsevents": {
      "version": "2.3.2",
      "resolved": "https://registry.npmjs.org/fsevents/-/fsevents-2.3.2.tgz",
      "integrity": "sha512-xiqMQR4xAeHTuB9uWm+fFRcIOgKBMiOBP+eXiyT7jsgVCq1bkVygt00oASowB7EdtpOHaaPgKt812P9ab+DDKA==",
      "dev": true,
      "hasInstallScript": true,
      "optional": true,
      "os": [
        "darwin"
      ],
      "engines": {
        "node": "^8.16.0 || ^10.6.0 || >=11.0.0"
      }
    },
    "node_modules/generate-password": {
      "version": "1.7.0",
      "resolved": "https://registry.npmjs.org/generate-password/-/generate-password-1.7.0.tgz",
      "integrity": "sha512-WPCtlfy0jexf7W5IbwxGUgpIDvsZIohbI2DAq2Q6TSlKKis+G4GT9sxvPxrZUGL8kP6WUXMWNqYnxY6DDKAdFA=="
    },
    "node_modules/html5-qrcode": {
      "version": "2.3.8",
      "resolved": "https://registry.npmjs.org/html5-qrcode/-/html5-qrcode-2.3.8.tgz",
      "integrity": "sha512-jsr4vafJhwoLVEDW3n1KvPnCCXWaQfRng0/EEYk1vNcQGcG/htAdhJX0be8YyqMoSz7+hZvOZSTAepsabiuhiQ=="
    },
    "node_modules/jsqr": {
      "version": "1.4.0",
      "resolved": "https://registry.npmjs.org/jsqr/-/jsqr-1.4.0.tgz",
      "integrity": "sha512-dxLob7q65Xg2DvstYkRpkYtmKm2sPJ9oFhrhmudT1dZvNFFTlroai3AWSpLey/w5vMcLBXRgOJsbXpdN9HzU/A=="
    },
    "node_modules/node-2fa": {
      "version": "2.0.3",
      "resolved": "https://registry.npmjs.org/node-2fa/-/node-2fa-2.0.3.tgz",
      "integrity": "sha512-PQldrOhjuoZyoydMvMSctllPN1ZPZ1/NwkEcgYwY9faVqE/OymxR+3awPpbWZxm6acLKqvmNqQmdqTsqYyflFw==",
      "dependencies": {
        "@types/notp": "^2.0.0",
        "notp": "^2.0.3",
        "thirty-two": "1.0.2",
        "tslib": "^2.1.0"
      }
    },
    "node_modules/notp": {
      "version": "2.0.3",
      "resolved": "https://registry.npmjs.org/notp/-/notp-2.0.3.tgz",
      "integrity": "sha512-oBig/2uqkjQ5AkBuw4QJYwkEWa/q+zHxI5/I5z6IeP2NT0alpJFsP/trrfCC+9xOAgQSZXssNi962kp5KBmypQ==",
      "engines": {
        "node": "> v0.6.0"
      }
    },
    "node_modules/numeric": {
      "version": "1.2.6",
      "resolved": "https://registry.npmjs.org/numeric/-/numeric-1.2.6.tgz",
      "integrity": "sha512-avBiDAP8siMa7AfJgYyuxw1oyII4z2sswS23+O+ZfV28KrtNzy0wxUFwi4f3RyM4eeeXNs1CThxR7pb5QQcMiw=="
    },
    "node_modules/otplib": {
      "version": "12.0.1",
      "resolved": "https://registry.npmjs.org/otplib/-/otplib-12.0.1.tgz",
      "integrity": "sha512-xDGvUOQjop7RDgxTQ+o4pOol0/3xSZzawTiPKRrHnQWAy0WjhNs/5HdIDJCrqC4MBynmjXgULc6YfioaxZeFgg==",
      "dependencies": {
        "@otplib/core": "^12.0.1",
        "@otplib/preset-default": "^12.0.1",
        "@otplib/preset-v11": "^12.0.1"
      }
    },
    "node_modules/playwright-core": {
      "version": "1.36.2",
      "resolved": "https://registry.npmjs.org/playwright-core/-/playwright-core-1.36.2.tgz",
      "integrity": "sha512-sQYZt31dwkqxOrP7xy2ggDfEzUxM1lodjhsQ3NMMv5uGTRDsLxU0e4xf4wwMkF2gplIxf17QMBCodSFgm6bFVQ==",
      "dev": true,
      "bin": {
        "playwright-core": "cli.js"
      },
      "engines": {
        "node": ">=16"
      }
    },
    "node_modules/pngjs": {
      "version": "7.0.0",
      "resolved": "https://registry.npmjs.org/pngjs/-/pngjs-7.0.0.tgz",
      "integrity": "sha512-LKWqWJRhstyYo9pGvgor/ivk2w94eSjE3RGVuzLGlr3NmD8bf7RcYGze1mNdEHRP6TRP6rMuDHk5t44hnTRyow==",
      "engines": {
        "node": ">=14.19.0"
      }
    },
    "node_modules/qr-scanner": {
      "version": "1.4.2",
      "resolved": "https://registry.npmjs.org/qr-scanner/-/qr-scanner-1.4.2.tgz",
      "integrity": "sha512-kV1yQUe2FENvn59tMZW6mOVfpq9mGxGf8l6+EGaXUOd4RBOLg7tRC83OrirM5AtDvZRpdjdlXURsHreAOSPOUw==",
      "dependencies": {
        "@types/offscreencanvas": "^2019.6.4"
      }
    },
    "node_modules/thirty-two": {
      "version": "1.0.2",
      "resolved": "https://registry.npmjs.org/thirty-two/-/thirty-two-1.0.2.tgz",
      "integrity": "sha512-OEI0IWCe+Dw46019YLl6V10Us5bi574EvlJEOcAkB29IzQ/mYD1A6RyNHLjZPiHCmuodxvgF6U+vZO1L15lxVA==",
      "engines": {
        "node": ">=0.2.6"
      }
    },
    "node_modules/tslib": {
      "version": "2.6.1",
      "resolved": "https://registry.npmjs.org/tslib/-/tslib-2.6.1.tgz",
      "integrity": "sha512-t0hLfiEKfMUoqhG+U1oid7Pva4bbDPHYfJNiB7BiIjRkj1pyC++4N3huJfqY6aRH6VTB0rvtzQwjM4K6qpfOig=="
    }
  },
  "dependencies": {
    "16": {
      "version": "0.0.2",
      "resolved": "https://registry.npmjs.org/16/-/16-0.0.2.tgz",
      "integrity": "sha512-AhG4lpdn+/it+U5Xl1bm5SbaHYTH5NfU/vXZkP7E7CHjtVtITuFVZKa3AZP3gN38RDJHYYtEqWmqzCutlXaR7w==",
      "requires": {
        "numeric": "^1.2.6"
      }
    },
    "@otplib/core": {
      "version": "12.0.1",
      "resolved": "https://registry.npmjs.org/@otplib/core/-/core-12.0.1.tgz",
      "integrity": "sha512-4sGntwbA/AC+SbPhbsziRiD+jNDdIzsZ3JUyfZwjtKyc/wufl1pnSIaG4Uqx8ymPagujub0o92kgBnB89cuAMA=="
    },
    "@otplib/plugin-crypto": {
      "version": "12.0.1",
      "resolved": "https://registry.npmjs.org/@otplib/plugin-crypto/-/plugin-crypto-12.0.1.tgz",
      "integrity": "sha512-qPuhN3QrT7ZZLcLCyKOSNhuijUi9G5guMRVrxq63r9YNOxxQjPm59gVxLM+7xGnHnM6cimY57tuKsjK7y9LM1g==",
      "requires": {
        "@otplib/core": "^12.0.1"
      }
    },
    "@otplib/plugin-thirty-two": {
      "version": "12.0.1",
      "resolved": "https://registry.npmjs.org/@otplib/plugin-thirty-two/-/plugin-thirty-two-12.0.1.tgz",
      "integrity": "sha512-MtT+uqRso909UkbrrYpJ6XFjj9D+x2Py7KjTO9JDPhL0bJUYVu5kFP4TFZW4NFAywrAtFRxOVY261u0qwb93gA==",
      "requires": {
        "@otplib/core": "^12.0.1",
        "thirty-two": "^1.0.2"
      }
    },
    "@otplib/preset-default": {
      "version": "12.0.1",
      "resolved": "https://registry.npmjs.org/@otplib/preset-default/-/preset-default-12.0.1.tgz",
      "integrity": "sha512-xf1v9oOJRyXfluBhMdpOkr+bsE+Irt+0D5uHtvg6x1eosfmHCsCC6ej/m7FXiWqdo0+ZUI6xSKDhJwc8yfiOPQ==",
      "requires": {
        "@otplib/core": "^12.0.1",
        "@otplib/plugin-crypto": "^12.0.1",
        "@otplib/plugin-thirty-two": "^12.0.1"
      }
    },
    "@otplib/preset-v11": {
      "version": "12.0.1",
      "resolved": "https://registry.npmjs.org/@otplib/preset-v11/-/preset-v11-12.0.1.tgz",
      "integrity": "sha512-9hSetMI7ECqbFiKICrNa4w70deTUfArtwXykPUvSHWOdzOlfa9ajglu7mNCntlvxycTiOAXkQGwjQCzzDEMRMg==",
      "requires": {
        "@otplib/core": "^12.0.1",
        "@otplib/plugin-crypto": "^12.0.1",
        "@otplib/plugin-thirty-two": "^12.0.1"
      }
    },
    "@playwright/test": {
      "version": "1.36.2",
      "resolved": "https://registry.npmjs.org/@playwright/test/-/test-1.36.2.tgz",
      "integrity": "sha512-2rVZeyPRjxfPH6J0oGJqE8YxiM1IBRyM8hyrXYK7eSiAqmbNhxwcLa7dZ7fy9Kj26V7FYia5fh9XJRq4Dqme+g==",
      "dev": true,
      "requires": {
        "@types/node": "*",
        "fsevents": "2.3.2",
        "playwright-core": "1.36.2"
      }
    },
    "@types/node": {
      "version": "20.4.8",
      "resolved": "https://registry.npmjs.org/@types/node/-/node-20.4.8.tgz",
      "integrity": "sha512-0mHckf6D2DiIAzh8fM8f3HQCvMKDpK94YQ0DSVkfWTG9BZleYIWudw9cJxX8oCk9bM+vAkDyujDV6dmKHbvQpg=="
    },
    "@types/notp": {
      "version": "2.0.2",
      "resolved": "https://registry.npmjs.org/@types/notp/-/notp-2.0.2.tgz",
      "integrity": "sha512-JUcVYN9Tmw0AjoAfvjslS4hbv39fPBbZdftBK3b50g5z/DmhLsu6cd0UOEBiQuMwy2FirshF2Gk9gAvfWjshMw==",
      "requires": {
        "@types/node": "*"
      }
    },
    "@types/offscreencanvas": {
      "version": "2019.7.0",
      "resolved": "https://registry.npmjs.org/@types/offscreencanvas/-/offscreencanvas-2019.7.0.tgz",
      "integrity": "sha512-PGcyveRIpL1XIqK8eBsmRBt76eFgtzuPiSTyKHZxnGemp2yzGzWpjYKAfK3wIMiU7eH+851yEpiuP8JZerTmWg=="
    },
    "fsevents": {
      "version": "2.3.2",
      "resolved": "https://registry.npmjs.org/fsevents/-/fsevents-2.3.2.tgz",
      "integrity": "sha512-xiqMQR4xAeHTuB9uWm+fFRcIOgKBMiOBP+eXiyT7jsgVCq1bkVygt00oASowB7EdtpOHaaPgKt812P9ab+DDKA==",
      "dev": true,
      "optional": true
    },
    "generate-password": {
      "version": "1.7.0",
      "resolved": "https://registry.npmjs.org/generate-password/-/generate-password-1.7.0.tgz",
      "integrity": "sha512-WPCtlfy0jexf7W5IbwxGUgpIDvsZIohbI2DAq2Q6TSlKKis+G4GT9sxvPxrZUGL8kP6WUXMWNqYnxY6DDKAdFA=="
    },
    "html5-qrcode": {
      "version": "2.3.8",
      "resolved": "https://registry.npmjs.org/html5-qrcode/-/html5-qrcode-2.3.8.tgz",
      "integrity": "sha512-jsr4vafJhwoLVEDW3n1KvPnCCXWaQfRng0/EEYk1vNcQGcG/htAdhJX0be8YyqMoSz7+hZvOZSTAepsabiuhiQ=="
    },
    "jsqr": {
      "version": "1.4.0",
      "resolved": "https://registry.npmjs.org/jsqr/-/jsqr-1.4.0.tgz",
      "integrity": "sha512-dxLob7q65Xg2DvstYkRpkYtmKm2sPJ9oFhrhmudT1dZvNFFTlroai3AWSpLey/w5vMcLBXRgOJsbXpdN9HzU/A=="
    },
    "node-2fa": {
      "version": "2.0.3",
      "resolved": "https://registry.npmjs.org/node-2fa/-/node-2fa-2.0.3.tgz",
      "integrity": "sha512-PQldrOhjuoZyoydMvMSctllPN1ZPZ1/NwkEcgYwY9faVqE/OymxR+3awPpbWZxm6acLKqvmNqQmdqTsqYyflFw==",
      "requires": {
        "@types/notp": "^2.0.0",
        "notp": "^2.0.3",
        "thirty-two": "1.0.2",
        "tslib": "^2.1.0"
      }
    },
    "notp": {
      "version": "2.0.3",
      "resolved": "https://registry.npmjs.org/notp/-/notp-2.0.3.tgz",
      "integrity": "sha512-oBig/2uqkjQ5AkBuw4QJYwkEWa/q+zHxI5/I5z6IeP2NT0alpJFsP/trrfCC+9xOAgQSZXssNi962kp5KBmypQ=="
    },
    "numeric": {
      "version": "1.2.6",
      "resolved": "https://registry.npmjs.org/numeric/-/numeric-1.2.6.tgz",
      "integrity": "sha512-avBiDAP8siMa7AfJgYyuxw1oyII4z2sswS23+O+ZfV28KrtNzy0wxUFwi4f3RyM4eeeXNs1CThxR7pb5QQcMiw=="
    },
    "otplib": {
      "version": "12.0.1",
      "resolved": "https://registry.npmjs.org/otplib/-/otplib-12.0.1.tgz",
      "integrity": "sha512-xDGvUOQjop7RDgxTQ+o4pOol0/3xSZzawTiPKRrHnQWAy0WjhNs/5HdIDJCrqC4MBynmjXgULc6YfioaxZeFgg==",
      "requires": {
        "@otplib/core": "^12.0.1",
        "@otplib/preset-default": "^12.0.1",
        "@otplib/preset-v11": "^12.0.1"
      }
    },
    "playwright-core": {
      "version": "1.36.2",
      "resolved": "https://registry.npmjs.org/playwright-core/-/playwright-core-1.36.2.tgz",
      "integrity": "sha512-sQYZt31dwkqxOrP7xy2ggDfEzUxM1lodjhsQ3NMMv5uGTRDsLxU0e4xf4wwMkF2gplIxf17QMBCodSFgm6bFVQ==",
      "dev": true
    },
    "pngjs": {
      "version": "7.0.0",
      "resolved": "https://registry.npmjs.org/pngjs/-/pngjs-7.0.0.tgz",
      "integrity": "sha512-LKWqWJRhstyYo9pGvgor/ivk2w94eSjE3RGVuzLGlr3NmD8bf7RcYGze1mNdEHRP6TRP6rMuDHk5t44hnTRyow=="
    },
    "qr-scanner": {
      "version": "1.4.2",
      "resolved": "https://registry.npmjs.org/qr-scanner/-/qr-scanner-1.4.2.tgz",
      "integrity": "sha512-kV1yQUe2FENvn59tMZW6mOVfpq9mGxGf8l6+EGaXUOd4RBOLg7tRC83OrirM5AtDvZRpdjdlXURsHreAOSPOUw==",
      "requires": {
        "@types/offscreencanvas": "^2019.6.4"
      }
    },
    "thirty-two": {
      "version": "1.0.2",
      "resolved": "https://registry.npmjs.org/thirty-two/-/thirty-two-1.0.2.tgz",
      "integrity": "sha512-OEI0IWCe+Dw46019YLl6V10Us5bi574EvlJEOcAkB29IzQ/mYD1A6RyNHLjZPiHCmuodxvgF6U+vZO1L15lxVA=="
    },
    "tslib": {
      "version": "2.6.1",
      "resolved": "https://registry.npmjs.org/tslib/-/tslib-2.6.1.tgz",
      "integrity": "sha512-t0hLfiEKfMUoqhG+U1oid7Pva4bbDPHYfJNiB7BiIjRkj1pyC++4N3huJfqY6aRH6VTB0rvtzQwjM4K6qpfOig=="
    }
  }
}
